# This file is automatically @generated by Cargo.
# It is not intended for manual editing.
version = 4

[[package]]
name = "trendt"
version = "0.1.0"
dependencies = [
 "trendt-core",
]

[[package]]
name = "trendt-bencode"
version = "0.1.0"

[[package]]
name = "trendt-core"
version = "0.1.0"
dependencies = [
 "trendt-peer",
 "trendt-torrent",
 "trendt-tracker",
]

[[package]]
name = "trendt-peer"
version = "0.1.0"

[[package]]
name = "trendt-torrent"
version = "0.1.0"
dependencies = [
 "trendt-bencode",
]

[[package]]
name = "trendt-tracker"
version = "0.1.0"
dependencies = [
 "trendt-bencode",
]
